{
    "_readme": [
        "This file locks the dependencies of your project to a known state",
        "Read more about it at https://getcomposer.org/doc/01-basic-usage.md#composer-lock-the-lock-file",
        "This file is @generated automatically"
    ],
    "hash": "52676a5ae31ff306f7cb4b14cd4ee81e",
    "content-hash": "9fcf578fd6070fd86a483346775c9916",
    "packages": [
        {
            "name": "icecave/repr",
            "version": "1.0.1",
            "source": {
                "type": "git",
                "url": "https://github.com/IcecaveStudios/repr.git",
                "reference": "8a3d2953adf5f464a06e3e2587aeacc97e2bed07"
            },
            "dist": {
                "type": "zip",
                "url": "https://api.github.com/repos/IcecaveStudios/repr/zipball/8a3d2953adf5f464a06e3e2587aeacc97e2bed07",
                "reference": "8a3d2953adf5f464a06e3e2587aeacc97e2bed07",
                "shasum": ""
            },
            "require": {
                "php": ">=5.3"
            },
            "require-dev": {
                "icecave/archer": "~1"
            },
            "suggest": {
                "eloquent/asplode": "Drop-in exception-based error handling."
            },
            "type": "library",
            "autoload": {
                "psr-4": {
                    "Icecave\\Repr\\": "src"
                }
            },
            "notification-url": "https://packagist.org/downloads/",
            "license": [
                "MIT"
            ],
            "authors": [
                {
                    "name": "James Harris",
                    "email": "james.harris@icecave.com.au",
                    "homepage": "https://github.com/jmalloc"
                }
            ],
            "description": "A library for generating string representations of any value, inspired by Python's reprlib library.",
            "homepage": "https://github.com/IcecaveStudios/repr",
            "keywords": [
                "human",
                "readable",
                "repr",
                "representation",
                "string"
            ],
            "time": "2014-07-25 05:44:41"
        },
        {
            "name": "react/event-loop",
            "version": "v0.4.2",
            "source": {
                "type": "git",
                "url": "https://github.com/reactphp/event-loop.git",
                "reference": "164799f73175e1c80bba92a220ea35df6ca371dd"
            },
            "dist": {
                "type": "zip",
                "url": "https://api.github.com/repos/reactphp/event-loop/zipball/164799f73175e1c80bba92a220ea35df6ca371dd",
                "reference": "164799f73175e1c80bba92a220ea35df6ca371dd",
                "shasum": ""
            },
            "require": {
                "php": ">=5.4.0"
            },
            "suggest": {
                "ext-event": "~1.0",
                "ext-libev": "*",
                "ext-libevent": ">=0.1.0"
            },
            "type": "library",
            "extra": {
                "branch-alias": {
                    "dev-master": "0.5-dev"
                }
            },
            "autoload": {
                "psr-4": {
                    "React\\EventLoop\\": "src"
                }
            },
            "notification-url": "https://packagist.org/downloads/",
            "license": [
                "MIT"
            ],
            "description": "Event loop abstraction layer that libraries can use for evented I/O.",
            "keywords": [
                "asynchronous",
                "event-loop"
            ],
            "time": "2016-03-08 02:09:32"
        },
        {
            "name": "react/promise",
            "version": "v2.4.1",
            "source": {
                "type": "git",
                "url": "https://github.com/reactphp/promise.git",
                "reference": "8025426794f1944de806618671d4fa476dc7626f"
            },
            "dist": {
                "type": "zip",
                "url": "https://api.github.com/repos/reactphp/promise/zipball/8025426794f1944de806618671d4fa476dc7626f",
                "reference": "8025426794f1944de806618671d4fa476dc7626f",
                "shasum": ""
            },
            "require": {
                "php": ">=5.4.0"
            },
            "type": "library",
            "extra": {
                "branch-alias": {
                    "dev-master": "2.0-dev"
                }
            },
            "autoload": {
                "psr-4": {
                    "React\\Promise\\": "src/"
                },
                "files": [
                    "src/functions_include.php"
                ]
            },
            "notification-url": "https://packagist.org/downloads/",
            "license": [
                "MIT"
            ],
            "authors": [
                {
                    "name": "Jan Sorgalla",
                    "email": "jsorgalla@gmail.com"
                }
            ],
            "description": "A lightweight implementation of CommonJS Promises/A for PHP",
            "time": "2016-05-03 17:50:52"
        },
        {
            "name": "recoil/recoil",
            "version": "0.6.0",
            "source": {
                "type": "git",
                "url": "https://github.com/recoilphp/recoil.git",
                "reference": "4b24c810b96565f6ab297903a662d87b5aa9eaae"
            },
            "dist": {
                "type": "zip",
                "url": "https://api.github.com/repos/recoilphp/recoil/zipball/4b24c810b96565f6ab297903a662d87b5aa9eaae",
                "reference": "4b24c810b96565f6ab297903a662d87b5aa9eaae",
                "shasum": ""
            },
            "require": {
                "icecave/repr": "^1",
                "php": "^7",
                "react/event-loop": "^0.4",
                "react/promise": "^2"
            },
            "require-dev": {
                "eloquent/phony": "^0.13",
                "ext-posix": "*",
                "friendsofphp/php-cs-fixer": "^1",
                "hamcrest/hamcrest-php": "^2",
                "peridot-php/leo": "^1",
                "peridot-php/peridot": "^1",
                "peridot-php/peridot-code-coverage-reporters": "^2",
                "react/dns": "^0.4"
            },
            "type": "library",
            "autoload": {
                "psr-4": {
                    "Recoil\\": "src"
                }
            },
            "notification-url": "https://packagist.org/downloads/",
            "license": [
                "MIT"
            ],
            "authors": [
                {
                    "name": "James Harris",
                    "email": "james.harris@icecave.com.au",
                    "homepage": "https://github.com/jmalloc"
                }
            ],
            "description": "A generator-based cooperative multitasking kernel for React.",
            "homepage": "https://github.com/recoilphp/recoil",
            "keywords": [
                "Thread",
                "async",
                "asynchronous",
                "continuation",
                "coroutine",
                "event",
                "generator",
                "green",
                "multitasking",
                "react"
            ],
            "time": "2016-07-29 03:45:29"
        },
        {
            "name": "zendframework/zend-console",
            "version": "2.6.0",
            "source": {
                "type": "git",
                "url": "https://github.com/zendframework/zend-console.git",
                "reference": "cbbdfdfa0564aa20d1c6c6ef3daeafe6aec02360"
            },
            "dist": {
                "type": "zip",
                "url": "https://api.github.com/repos/zendframework/zend-console/zipball/cbbdfdfa0564aa20d1c6c6ef3daeafe6aec02360",
                "reference": "cbbdfdfa0564aa20d1c6c6ef3daeafe6aec02360",
                "shasum": ""
            },
            "require": {
                "php": "^5.5 || ^7.0",
                "zendframework/zend-stdlib": "^2.7 || ^3.0"
            },
            "require-dev": {
                "fabpot/php-cs-fixer": "1.7.*",
                "phpunit/phpunit": "^4.0",
                "zendframework/zend-filter": "^2.6",
                "zendframework/zend-json": "^2.6",
                "zendframework/zend-validator": "^2.5"
            },
            "suggest": {
                "zendframework/zend-filter": "To support DefaultRouteMatcher usage",
                "zendframework/zend-validator": "To support DefaultRouteMatcher usage"
            },
            "type": "library",
            "extra": {
                "branch-alias": {
                    "dev-master": "2.6-dev",
                    "dev-develop": "2.7-dev"
                }
            },
            "autoload": {
                "psr-4": {
                    "Zend\\Console\\": "src/"
                }
            },
            "notification-url": "https://packagist.org/downloads/",
            "license": [
                "BSD-3-Clause"
            ],
            "homepage": "https://github.com/zendframework/zend-console",
            "keywords": [
                "console",
                "zf2"
            ],
            "time": "2016-02-09 17:15:12"
        },
        {
            "name": "zendframework/zend-stdlib",
            "version": "3.1.0",
            "source": {
                "type": "git",
                "url": "https://github.com/zendframework/zend-stdlib.git",
                "reference": "debedcfc373a293f9250cc9aa03cf121428c8e78"
            },
            "dist": {
                "type": "zip",
                "url": "https://api.github.com/repos/zendframework/zend-stdlib/zipball/debedcfc373a293f9250cc9aa03cf121428c8e78",
                "reference": "debedcfc373a293f9250cc9aa03cf121428c8e78",
                "shasum": ""
            },
            "require": {
                "php": "^5.6 || ^7.0"
            },
            "require-dev": {
                "athletic/athletic": "~0.1",
                "phpunit/phpunit": "~4.0",
                "squizlabs/php_codesniffer": "^2.6.2"
            },
            "type": "library",
            "extra": {
                "branch-alias": {
                    "dev-master": "3.1-dev",
                    "dev-develop": "3.2-dev"
                }
            },
            "autoload": {
                "psr-4": {
                    "Zend\\Stdlib\\": "src/"
                }
            },
            "notification-url": "https://packagist.org/downloads/",
            "license": [
                "BSD-3-Clause"
            ],
            "homepage": "https://github.com/zendframework/zend-stdlib",
            "keywords": [
                "stdlib",
                "zf2"
            ],
            "time": "2016-09-13 14:38:50"
        },
        {
            "name": "zfcampus/zf-console",
            "version": "1.3.0",
            "source": {
                "type": "git",
                "url": "https://github.com/zfcampus/zf-console.git",
                "reference": "663c19e22240b4ea51b3d01950720f6db8dfd6f0"
            },
            "dist": {
                "type": "zip",
                "url": "https://api.github.com/repos/zfcampus/zf-console/zipball/663c19e22240b4ea51b3d01950720f6db8dfd6f0",
                "reference": "663c19e22240b4ea51b3d01950720f6db8dfd6f0",
                "shasum": ""
            },
            "require": {
                "php": "^5.6 || ^7.0",
                "zendframework/zend-console": "^2.6"
            },
            "require-dev": {
                "container-interop/container-interop": "^1.1",
                "phpunit/phpunit": "~4.8 || ^5.0",
                "squizlabs/php_codesniffer": "^2.3.1",
                "zendframework/zend-filter": "^2.7.1",
                "zendframework/zend-validator": "^2.8.1"
            },
            "suggest": {
                "container-interop/container-interop": "^1.1; For ability to pull dispatched commands from container",
                "zendframework/zend-filter": "^2.7.1; Useful for filtering/normalizing argument values",
                "zendframework/zend-validator": "^2.8.1; Useful for providing more thorough argument validation logic"
            },
            "type": "library",
            "extra": {
                "branch-alias": {
                    "dev-master": "1.3-dev",
                    "dev-develop": "1.4-dev"
                }
            },
            "autoload": {
                "psr-4": {
                    "ZF\\Console\\": "src/"
                }
            },
            "notification-url": "https://packagist.org/downloads/",
            "license": [
                "BSD-3-Clause"
            ],
            "description": "Library for creating and dispatching console commands",
            "homepage": "http://framework.zend.com/",
            "keywords": [
                "zend",
                "zf2"
            ],
            "time": "2016-07-11 20:33:55"
        }
    ],
    "packages-dev": [],
    "aliases": [],
    "minimum-stability": "stable",
    "stability-flags": [],
    "prefer-stable": false,
    "prefer-lowest": false,
    "platform": [],
    "platform-dev": []
}
